
Microsoft Visual Studio Solution File, Format Version 12.00
# Visual Studio 15
VisualStudioVersion = 15.0.27004.2009
MinimumVisualStudioVersion = 10.0.40219.1
Project("{FAE04EC0-301F-11D3-BF4B-00C04F79EFBC}") = "Week2Deel1", "Week2Deel1\Week2Deel1.csproj", "{8C11232E-CD18-482F-AA70-DDB6A61F994D}"
EndProject
Global
	GlobalSection(SolutionConfigurationPlatforms) = preSolution
		Debug|Any CPU = Debug|Any CPU
		Release|Any CPU = Release|Any CPU
	EndGlobalSection
	GlobalSection(ProjectConfigurationPlatforms) = postSolution
		{8C11232E-CD18-482F-AA70-DDB6A61F994D}.Debug|Any CPU.ActiveCfg = Debug|Any CPU
		{8C11232E-CD18-482F-AA70-DDB6A61F994D}.Debug|Any CPU.Build.0 = Debug|Any CPU
		{8C11232E-CD18-482F-AA70-DDB6A61F994D}.Release|Any CPU.ActiveCfg = Release|Any CPU
		{8C11232E-CD18-482F-AA70-DDB6A61F994D}.Release|Any CPU.Build.0 = Release|Any CPU
	EndGlobalSection
	GlobalSection(SolutionProperties) = preSolution
		HideSolutionNode = FALSE
	EndGlobalSection
	GlobalSection(ExtensibilityGlobals) = postSolution
		SolutionGuid = {26BF89DC-3ABA-4390-A93D-5AABBAD38892}
	EndGlobalSection
EndGlobal
